
Microsoft Visual Studio Solution File, Format Version 12.00
# Visual Studio Version 17
VisualStudioVersion = 17.0.32112.339
MinimumVisualStudioVersion = 10.0.40219.1
Project("{FAE04EC0-301F-11D3-BF4B-00C04F79EFBC}") = "ConsoleApp5", "ConsoleApp5\ConsoleApp5.csproj", "{0C6A01B6-D9E5-4867-9E04-7270AEC296E8}"
EndProject
Global
	GlobalSection(SolutionConfigurationPlatforms) = preSolution
		Debug|Any CPU = Debug|Any CPU
		Release|Any CPU = Release|Any CPU
	EndGlobalSection
	GlobalSection(ProjectConfigurationPlatforms) = postSolution
		{0C6A01B6-D9E5-4867-9E04-7270AEC296E8}.Debug|Any CPU.ActiveCfg = Debug|Any CPU
		{0C6A01B6-D9E5-4867-9E04-7270AEC296E8}.Debug|Any CPU.Build.0 = Debug|Any CPU
		{0C6A01B6-D9E5-4867-9E04-7270AEC296E8}.Release|Any CPU.ActiveCfg = Release|Any CPU
		{0C6A01B6-D9E5-4867-9E04-7270AEC296E8}.Release|Any CPU.Build.0 = Release|Any CPU
	EndGlobalSection
	GlobalSection(SolutionProperties) = preSolution
		HideSolutionNode = FALSE
	EndGlobalSection
	GlobalSection(ExtensibilityGlobals) = postSolution
		SolutionGuid = {80567BC3-7B22-4FFA-857E-FE381FAB830E}
	EndGlobalSection
EndGlobal
